{
  "name": "Footballers",
  "lockfileVersion": 3,
  "requires": true,
  "packages": {
    "": {
      "dependencies": {
        "@lottiefiles/dotlottie-web": "^0.54.1"
      }
    },
    "node_modules/@lottiefiles/dotlottie-web": {
      "version": "0.54.1",
      "resolved": "https://registry.npmjs.org/@lottiefiles/dotlottie-web/-/dotlottie-web-0.54.1.tgz",
      "integrity": "sha512-Xq6wKvQ1hJUAalctrrVSZNIPStJBEAzSsQl4rtinPEfl6LBZdos0GGfVLdyGjZZYODzoG28SMN09YKAC9Kz6RQ==",
      "license": "MIT"
    }
  }
}
